
Microsoft Visual Studio Solution File, Format Version 12.00
# Visual Studio 15
VisualStudioVersion = 15.0.27703.2042
MinimumVisualStudioVersion = 10.0.40219.1
Project("{E24C65DC-7377-472B-9ABA-BC803B73C61A}") = "SistemWebControleEstoque", "SistemWebControleEstoque\", "{F2FE4275-72AC-4C5E-ABD2-F1E239B3E86A}"
	ProjectSection(WebsiteProperties) = preProject
		TargetFrameworkMoniker = ".NETFramework,Version%3Dv4.6.1"
		Debug.AspNetCompiler.VirtualPath = "/localhost_60643"
		Debug.AspNetCompiler.PhysicalPath = "SistemWebControleEstoque\"
		Debug.AspNetCompiler.TargetPath = "PrecompiledWeb\localhost_60643\"
		Debug.AspNetCompiler.Updateable = "true"
		Debug.AspNetCompiler.ForceOverwrite = "true"
		Debug.AspNetCompiler.FixedNames = "false"
		Debug.AspNetCompiler.Debug = "True"
		Release.AspNetCompiler.VirtualPath = "/localhost_60643"
		Release.AspNetCompiler.PhysicalPath = "SistemWebControleEstoque\"
		Release.AspNetCompiler.TargetPath = "PrecompiledWeb\localhost_60643\"
		Release.AspNetCompiler.Updateable = "true"
		Release.AspNetCompiler.ForceOverwrite = "true"
		Release.AspNetCompiler.FixedNames = "false"
		Release.AspNetCompiler.Debug = "False"
		VWDPort = "60643"
		SlnRelativePath = "SistemWebControleEstoque\"
		DefaultWebSiteLanguage = "Visual C#"
	EndProjectSection
EndProject
Global
	GlobalSection(SolutionConfigurationPlatforms) = preSolution
		Debug|Any CPU = Debug|Any CPU
	EndGlobalSection
	GlobalSection(ProjectConfigurationPlatforms) = postSolution
		{F2FE4275-72AC-4C5E-ABD2-F1E239B3E86A}.Debug|Any CPU.ActiveCfg = Debug|Any CPU
		{F2FE4275-72AC-4C5E-ABD2-F1E239B3E86A}.Debug|Any CPU.Build.0 = Debug|Any CPU
	EndGlobalSection
	GlobalSection(SolutionProperties) = preSolution
		HideSolutionNode = FALSE
	EndGlobalSection
	GlobalSection(ExtensibilityGlobals) = postSolution
		SolutionGuid = {61B290A3-0340-4C0A-B252-0A715663DD33}
	EndGlobalSection
EndGlobal
